{
  "name": "@nahkd123/entrypass",
  "version": "0.0.1",
  "lockfileVersion": 2,
  "requires": true,
  "packages": {
    "": {
      "name": "@nahkd123/entrypass",
      "version": "0.0.1",
      "license": "GPL-3.0-or-later",
      "dependencies": {
        "simple-js-ec-math": "^2.0.1"
      }
    },
    "node_modules/simple-js-ec-math": {
      "version": "2.0.1",
      "resolved": "https://registry.npmjs.org/simple-js-ec-math/-/simple-js-ec-math-2.0.1.tgz",
      "integrity": "sha512-dtvRYEFWKr2MnIw7yKXmVat1BolRT/Q8iHrz5IMPrtXNZTAmcky/V0li3iabhRWKMBmfnuUZsNgBrl8EEj6+Qg=="
    }
  },
  "dependencies": {
    "simple-js-ec-math": {
      "version": "2.0.1",
      "resolved": "https://registry.npmjs.org/simple-js-ec-math/-/simple-js-ec-math-2.0.1.tgz",
      "integrity": "sha512-dtvRYEFWKr2MnIw7yKXmVat1BolRT/Q8iHrz5IMPrtXNZTAmcky/V0li3iabhRWKMBmfnuUZsNgBrl8EEj6+Qg=="
    }
  }
}
